// !$*UTF8*$!
{
	archiveVersion = 1;
	classes = {
	};
	objectVersion = 46;
	objects = {

/* Begin PBXBuildFile section */
		D8D574201DE59302000D35F7 /* AppDelegate.swift in Sources */ = {isa = PBXBuildFile; fileRef = D8D5741F1DE59302000D35F7 /* AppDelegate.swift */; };
		D8D574221DE59302000D35F7 /* ViewController.swift in Sources */ = {isa = PBXBuildFile; fileRef = D8D574211DE59302000D35F7 /* ViewController.swift */; };
		D8D574251DE59302000D35F7 /* Main.storyboard in Resources */ = {isa = PBXBuildFile; fileRef = D8D574231DE59302000D35F7 /* Main.storyboard */; };
		D8D574271DE59302000D35F7 /* Assets.xcassets in Resources */ = {isa = PBXBuildFile; fileRef = D8D574261DE59302000D35F7 /* Assets.xcassets */; };
		D8D5742A1DE59302000D35F7 /* LaunchScreen.storyboard in Resources */ = {isa = PBXBuildFile; fileRef = D8D574281DE59302000D35F7 /* LaunchScreen.storyboard */; };
/* End PBXBuildFile section */

/* Begin PBXFileReference section */
		D8D5741C1DE59302000D35F7 /* VaultSDKExample.app */ = {isa = PBXFileReference; explicitFileType = wrapper.application; includeInIndex = 0; path = VaultSDKExample.app; sourceTree = BUILT_PRODUCTS_DIR; };
		D8D5741F1DE59302000D35F7 /* AppDelegate.swift */ = {isa = PBXFileReference; lastKnownFileType = sourcecode.swift; path = AppDelegate.swift; sourceTree = "<group>"; };
		D8D574211DE59302000D35F7 /* ViewController.swift */ = {isa = PBXFileReference; lastKnownFileType = sourcecode.swift; path = ViewController.swift; sourceTree = "<group>"; };
		D8D574241DE59302000D35F7 /* Base */ = {isa = PBXFileReference; lastKnownFileType = file.storyboard; name = Base; path = Base.lproj/Main.storyboard; sourceTree = "<group>"; };
		D8D574261DE59302000D35F7 /* Assets.xcassets */ = {isa = PBXFileReference; lastKnownFileType = folder.assetcatalog; path = Assets.xcassets; sourceTree = "<group>"; };
		D8D574291DE59302000D35F7 /* Base */ = {isa = PBXFileReference; lastKnownFileType = file.storyboard; name = Base; path = Base.lproj/LaunchScreen.storyboard; sourceTree = "<group>"; };
		D8D5742B1DE59302000D35F7 /* Info.plist */ = {isa = PBXFileReference; lastKnownFileType = text.plist.xml; path = Info.plist; sourceTree = "<group>"; };
/* End PBXFileReference section */

/* Begin PBXFrameworksBuildPhase section */
		D8D574191DE59302000D35F7 /* Frameworks */ = {
			isa = PBXFrameworksBuildPhase;
			buildActionMask = 2147483647;
			files = (
			);
			runOnlyForDeploymentPostprocessing = 0;
		};
/* End PBXFrameworksBuildPhase section */

/* Begin PBXGroup section */
		D8D574131DE59302000D35F7 = {
			isa = PBXGroup;
			children = (
				D8D5741E1DE59302000D35F7 /* VaultSDKExample */,
				D8D5741D1DE59302000D35F7 /* Products */,
			);
			sourceTree = "<group>";
		};
		D8D5741D1DE59302000D35F7 /* Products */ = {
			isa = PBXGroup;
			children = (
				D8D5741C1DE59302000D35F7 /* VaultSDKExample.app */,
			);
			name = Products;
			sourceTree = "<group>";
		};
		D8D5741E1DE59302000D35F7 /* VaultSDKExample */ = {
			isa = PBXGroup;
			children = (
				D8D5741F1DE59302000D35F7 /* AppDelegate.swift */,
				D8D574211DE59302000D35F7 /* ViewController.swift */,
				D8D574231DE59302000D35F7 /* Main.storyboard */,
				D8D574261DE59302000D35F7 /* Assets.xcassets */,
				D8D574281DE59302000D35F7 /* LaunchScreen.storyboard */,
				D8D5742B1DE59302000D35F7 /* Info.plist */,
			);
			path = VaultSDKExample;
			sourceTree = "<group>";
		};
/* End PBXGroup section */

/* Begin PBXNativeTarget section */
		D8D5741B1DE59302000D35F7 /* VaultSDKExample */ = {
			isa = PBXNativeTarget;
			buildConfigurationList = D8D5742E1DE59302000D35F7 /* Build configuration list for PBXNativeTarget "VaultSDKExample" */;
			buildPhases = (
				D8D574181DE59302000D35F7 /* Sources */,
				D8D574191DE59302000D35F7 /* Frameworks */,
				D8D5741A1DE59302000D35F7 /* Resources */,
			);
			buildRules = (
			);
			dependencies = (
			);
			name = VaultSDKExample;
			productName = VaultSDKExample;
			productReference = D8D5741C1DE59302000D35F7 /* VaultSDKExample.app */;
			productType = "com.apple.product-type.application";
		};
/* End PBXNativeTarget section */

/* Begin PBXProject section */
		D8D574141DE59302000D35F7 /* Project object */ = {
			isa = PBXProject;
			attributes = {
				LastSwiftUpdateCheck = 0810;
				LastUpgradeCheck = 0810;
				ORGANIZATIONNAME = "Very Good Security";
				TargetAttributes = {
					D8D5741B1DE59302000D35F7 = {
						CreatedOnToolsVersion = 8.1;
						DevelopmentTeam = APW3HP5W5M;
						ProvisioningStyle = Automatic;
					};
				};
			};
			buildConfigurationList = D8D574171DE59302000D35F7 /* Build configuration list for PBXProject "VaultSDKExample" */;
			compatibilityVersion = "Xcode 3.2";
			developmentRegion = English;
			hasScannedForEncodings = 0;
			knownRegions = (
				en,
				Base,
			);
			mainGroup = D8D574131DE59302000D35F7;
			productRefGroup = D8D5741D1DE59302000D35F7 /* Products */;
			projectDirPath = "";
			projectRoot = "";
			targets = (
				D8D5741B1DE59302000D35F7 /* VaultSDKExample */,
			);
		};
/* End PBXProject section */

/* Begin PBXResourcesBuildPhase section */
		D8D5741A1DE59302000D35F7 /* Resources */ = {
			isa = PBXResourcesBuildPhase;
			buildActionMask = 2147483647;
			files = (
				D8D5742A1DE59302000D35F7 /* LaunchScreen.storyboard in Resources */,
				D8D574271DE59302000D35F7 /* Assets.xcassets in Resources */,
				D8D574251DE59302000D35F7 /* Main.storyboard in Resources */,
			);
			runOnlyForDeploymentPostprocessing = 0;
		};
/* End PBXResourcesBuildPhase section */

/* Begin PBXSourcesBuildPhase section */
		D8D574181DE59302000D35F7 /* Sources */ = {
			isa = PBXSourcesBuildPhase;
			buildActionMask = 2147483647;
			files = (
				D8D574221DE59302000D35F7 /* ViewController.swift in Sources */,
				D8D574201DE59302000D35F7 /* AppDelegate.swift in Sources */,
			);
			runOnlyForDeploymentPostprocessing = 0;
		};
/* End PBXSourcesBuildPhase section */

/* Begin PBXVariantGroup section */
		D8D574231DE59302000D35F7 /* Main.storyboard */ = {
			isa = PBXVariantGroup;
			children = (
				D8D574241DE59302000D35F7 /* Base */,
			);
			name = Main.storyboard;
			sourceTree = "<group>";
		};
		D8D574281DE59302000D35F7 /* LaunchScreen.storyboard */ = {
			isa = PBXVariantGroup;
			children = (
				D8D574291DE59302000D35F7 /* Base */,
			);
			name = LaunchScreen.storyboard;
			sourceTree = "<group>";
		};
/* End PBXVariantGroup section */

/* Begin XCBuildConfiguration section */
		D8D5742C1DE59302000D35F7 /* Debug */ = {
			isa = XCBuildConfiguration;
			buildSettings = {
				ALWAYS_SEARCH_USER_PATHS = NO;
				CLANG_ANALYZER_NONNULL = YES;
				CLANG_CXX_LANGUAGE_STANDARD = "gnu++0x";
				CLANG_CXX_LIBRARY = "libc++";
				CLANG_ENABLE_MODULES = YES;
				CLANG_ENABLE_OBJC_ARC = YES;
				CLANG_WARN_BOOL_CONVERSION = YES;
				CLANG_WARN_CONSTANT_CONVERSION = YES;
				CLANG_WARN_DIRECT_OBJC_ISA_USAGE = YES_ERROR;
				CLANG_WARN_DOCUMENTATION_COMMENTS = YES;
				CLANG_WARN_EMPTY_BODY = YES;
				CLANG_WARN_ENUM_CONVERSION = YES;
				CLANG_WARN_INFINITE_RECURSION = YES;
				CLANG_WARN_INT_CONVERSION = YES;
				CLANG_WARN_OBJC_ROOT_CLASS = YES_ERROR;
				CLANG_WARN_SUSPICIOUS_MOVES = YES;
				CLANG_WARN_UNREACHABLE_CODE = YES;
				CLANG_WARN__DUPLICATE_METHOD_MATCH = YES;
				"CODE_SIGN_IDENTITY[sdk=iphoneos*]" = "iPhone Developer";
				COPY_PHASE_STRIP = NO;
				DEBUG_INFORMATION_FORMAT = dwarf;
				ENABLE_STRICT_OBJC_MSGSEND = YES;
				ENABLE_TESTABILITY = YES;
				GCC_C_LANGUAGE_STANDARD = gnu99;
				GCC_DYNAMIC_NO_PIC = NO;
				GCC_NO_COMMON_BLOCKS = YES;
				GCC_OPTIMIZATION_LEVEL = 0;
				GCC_PREPROCESSOR_DEFINITIONS = (
					"DEBUG=1",
					"$(inherited)",
				);
				GCC_WARN_64_TO_32_BIT_CONVERSION = YES;
				GCC_WARN_ABOUT_RETURN_TYPE = YES_ERROR;
				GCC_WARN_UNDECLARED_SELECTOR = YES;
				GCC_WARN_UNINITIALIZED_AUTOS = YES_AGGRESSIVE;
				GCC_WARN_UNUSED_FUNCTION = YES;
				GCC_WARN_UNUSED_VARIABLE = YES;
				IPHONEOS_DEPLOYMENT_TARGET = 10.1;
				MTL_ENABLE_DEBUG_INFO = YES;
				ONLY_ACTIVE_ARCH = YES;
				SDKROOT = iphoneos;
				SWIFT_ACTIVE_COMPILATION_CONDITIONS = DEBUG;
				SWIFT_OPTIMIZATION_LEVEL = "-Onone";
			};
			name = Debug;
		};
		D8D5742D1DE59302000D35F7 /* Release */ = {
			isa = XCBuildConfiguration;
			buildSettings = {
				ALWAYS_SEARCH_USER_PATHS = NO;
				CLANG_ANALYZER_NONNULL = YES;
				CLANG_CXX_LANGUAGE_STANDARD = "gnu++0x";
				CLANG_CXX_LIBRARY = "libc++";
				CLANG_ENABLE_MODULES = YES;
				CLANG_ENABLE_OBJC_ARC = YES;
				CLANG_WARN_BOOL_CONVERSION = YES;
				CLANG_WARN_CONSTANT_CONVERSION = YES;
				CLANG_WARN_DIRECT_OBJC_ISA_USAGE = YES_ERROR;
				CLANG_WARN_DOCUMENTATION_COMMENTS = YES;
				CLANG_WARN_EMPTY_BODY = YES;
				CLANG_WARN_ENUM_CONVERSION = YES;
				CLANG_WARN_INFINITE_RECURSION = YES;
				CLANG_WARN_INT_CONVERSION = YES;
				CLANG_WARN_OBJC_ROOT_CLASS = YES_ERROR;
				CLANG_WARN_SUSPICIOUS_MOVES = YES;
				CLANG_WARN_UNREACHABLE_CODE = YES;
				CLANG_WARN__DUPLICATE_METHOD_MATCH = YES;
				"CODE_SIGN_IDENTITY[sdk=iphoneos*]" = "iPhone Developer";
				COPY_PHASE_STRIP = NO;
				DEBUG_INFORMATION_FORMAT = "dwarf-with-dsym";
				ENABLE_NS_ASSERTIONS = NO;
				ENABLE_STRICT_OBJC_MSGSEND = YES;
				GCC_C_LANGUAGE_STANDARD = gnu99;
				GCC_NO_COMMON_BLOCKS = YES;
				GCC_WARN_64_TO_32_BIT_CONVERSION = YES;
				GCC_WARN_ABOUT_RETURN_TYPE = YES_ERROR;
				GCC_WARN_UNDECLARED_SELECTOR = YES;
				GCC_WARN_UNINITIALIZED_AUTOS = YES_AGGRESSIVE;
				GCC_WARN_UNUSED_FUNCTION = YES;
				GCC_WARN_UNUSED_VARIABLE = YES;
				IPHONEOS_DEPLOYMENT_TARGET = 10.1;
				MTL_ENABLE_DEBUG_INFO = NO;
				SDKROOT = iphoneos;
				SWIFT_OPTIMIZATION_LEVEL = "-Owholemodule";
				VALIDATE_PRODUCT = YES;
			};
			name = Release;
		};
		D8D5742F1DE59302000D35F7 /* Debug */ = {
			isa = XCBuildConfiguration;
			buildSettings = {
				ASSETCATALOG_COMPILER_APPICON_NAME = AppIcon;
				DEVELOPMENT_TEAM = APW3HP5W5M;
				INFOPLIST_FILE = VaultSDKExample/Info.plist;
				LD_RUNPATH_SEARCH_PATHS = "$(inherited) @executable_path/Frameworks";
				PRODUCT_BUNDLE_IDENTIFIER = com.verygoodsecurity.VaultSDKExample;
				PRODUCT_NAME = "$(TARGET_NAME)";
				SWIFT_VERSION = 3.0;
			};
			name = Debug;
		};
		D8D574301DE59302000D35F7 /* Release */ = {
			isa = XCBuildConfiguration;
			buildSettings = {
				ASSETCATALOG_COMPILER_APPICON_NAME = AppIcon;
				DEVELOPMENT_TEAM = APW3HP5W5M;
				INFOPLIST_FILE = VaultSDKExample/Info.plist;
				LD_RUNPATH_SEARCH_PATHS = "$(inherited) @executable_path/Frameworks";
				PRODUCT_BUNDLE_IDENTIFIER = com.verygoodsecurity.VaultSDKExample;
				PRODUCT_NAME = "$(TARGET_NAME)";
				SWIFT_VERSION = 3.0;
			};
			name = Release;
		};
/* End XCBuildConfiguration section */

/* Begin XCConfigurationList section */
		D8D574171DE59302000D35F7 /* Build configuration list for PBXProject "VaultSDKExample" */ = {
			isa = XCConfigurationList;
			buildConfigurations = (
				D8D5742C1DE59302000D35F7 /* Debug */,
				D8D5742D1DE59302000D35F7 /* Release */,
			);
			defaultConfigurationIsVisible = 0;
			defaultConfigurationName = Release;
		};
		D8D5742E1DE59302000D35F7 /* Build configuration list for PBXNativeTarget "VaultSDKExample" */ = {
			isa = XCConfigurationList;
			buildConfigurations = (
				D8D5742F1DE59302000D35F7 /* Debug */,
				D8D574301DE59302000D35F7 /* Release */,
			);
			defaultConfigurationIsVisible = 0;
		};
/* End XCConfigurationList section */
	};
	rootObject = D8D574141DE59302000D35F7 /* Project object */;
}
